
Microsoft Visual Studio Solution File, Format Version 11.00
# Visual Studio 2010
Project("{8BC9CEB8-8B4A-11D0-8D11-00A0C91BC942}") = "ScriptUtils", "ScriptUtils.vcxproj", "{3B020884-D5E0-46D2-9BEF-E87F0B21A4D7}"
EndProject
Global
	GlobalSection(SolutionConfigurationPlatforms) = preSolution
		Debug MTDLL|Win32 = Debug MTDLL|Win32
		Debug|Win32 = Debug|Win32
		Release MTDLL|Win32 = Release MTDLL|Win32
		Release|Win32 = Release|Win32
	EndGlobalSection
	GlobalSection(ProjectConfigurationPlatforms) = postSolution
		{3B020884-D5E0-46D2-9BEF-E87F0B21A4D7}.Debug MTDLL|Win32.ActiveCfg = Debug MTDLL|Win32
		{3B020884-D5E0-46D2-9BEF-E87F0B21A4D7}.Debug MTDLL|Win32.Build.0 = Debug MTDLL|Win32
		{3B020884-D5E0-46D2-9BEF-E87F0B21A4D7}.Debug|Win32.ActiveCfg = Debug|Win32
		{3B020884-D5E0-46D2-9BEF-E87F0B21A4D7}.Debug|Win32.Build.0 = Debug|Win32
		{3B020884-D5E0-46D2-9BEF-E87F0B21A4D7}.Release MTDLL|Win32.ActiveCfg = Release MTDLL|Win32
		{3B020884-D5E0-46D2-9BEF-E87F0B21A4D7}.Release MTDLL|Win32.Build.0 = Release MTDLL|Win32
		{3B020884-D5E0-46D2-9BEF-E87F0B21A4D7}.Release|Win32.ActiveCfg = Release|Win32
		{3B020884-D5E0-46D2-9BEF-E87F0B21A4D7}.Release|Win32.Build.0 = Release|Win32
	EndGlobalSection
	GlobalSection(SolutionProperties) = preSolution
		HideSolutionNode = FALSE
	EndGlobalSection
EndGlobal
